
Microsoft Visual Studio Solution File, Format Version 11.00
# Visual Studio 2010
Project("{FAE04EC0-301F-11D3-BF4B-00C04F79EFBC}") = "ZombieTD", "ZombieTD\ZombieTD\ZombieTD.csproj", "{F84D89D2-221E-4898-9419-33CE31BFE29B}"
EndProject
Project("{FAE04EC0-301F-11D3-BF4B-00C04F79EFBC}") = "ZombieTDContent", "ZombieTD\ZombieTDContent\ZombieTDContent.contentproj", "{D567C689-1E1A-4C17-A2C3-8A7DFA51FC40}"
EndProject
Project("{FAE04EC0-301F-11D3-BF4B-00C04F79EFBC}") = "ZombieTDEngine", "ZombieTDEngine\ZombieTDEngine.csproj", "{E9C8426C-B7C0-4D79-8AC1-6047A0E4DC4B}"
EndProject
Global
	GlobalSection(SolutionConfigurationPlatforms) = preSolution
		Debug|Any CPU = Debug|Any CPU
		Debug|Mixed Platforms = Debug|Mixed Platforms
		Debug|x86 = Debug|x86
		Release|Any CPU = Release|Any CPU
		Release|Mixed Platforms = Release|Mixed Platforms
		Release|x86 = Release|x86
	EndGlobalSection
	GlobalSection(ProjectConfigurationPlatforms) = postSolution
		{F84D89D2-221E-4898-9419-33CE31BFE29B}.Debug|Any CPU.ActiveCfg = Debug|x86
		{F84D89D2-221E-4898-9419-33CE31BFE29B}.Debug|Mixed Platforms.ActiveCfg = Debug|x86
		{F84D89D2-221E-4898-9419-33CE31BFE29B}.Debug|Mixed Platforms.Build.0 = Debug|x86
		{F84D89D2-221E-4898-9419-33CE31BFE29B}.Debug|x86.ActiveCfg = Debug|x86
		{F84D89D2-221E-4898-9419-33CE31BFE29B}.Debug|x86.Build.0 = Debug|x86
		{F84D89D2-221E-4898-9419-33CE31BFE29B}.Release|Any CPU.ActiveCfg = Release|x86
		{F84D89D2-221E-4898-9419-33CE31BFE29B}.Release|Mixed Platforms.ActiveCfg = Release|x86
		{F84D89D2-221E-4898-9419-33CE31BFE29B}.Release|Mixed Platforms.Build.0 = Release|x86
		{F84D89D2-221E-4898-9419-33CE31BFE29B}.Release|x86.ActiveCfg = Release|x86
		{F84D89D2-221E-4898-9419-33CE31BFE29B}.Release|x86.Build.0 = Release|x86
		{D567C689-1E1A-4C17-A2C3-8A7DFA51FC40}.Debug|Any CPU.ActiveCfg = Debug|x86
		{D567C689-1E1A-4C17-A2C3-8A7DFA51FC40}.Debug|Mixed Platforms.ActiveCfg = Debug|x86
		{D567C689-1E1A-4C17-A2C3-8A7DFA51FC40}.Debug|x86.ActiveCfg = Debug|x86
		{D567C689-1E1A-4C17-A2C3-8A7DFA51FC40}.Release|Any CPU.ActiveCfg = Release|x86
		{D567C689-1E1A-4C17-A2C3-8A7DFA51FC40}.Release|Mixed Platforms.ActiveCfg = Release|x86
		{D567C689-1E1A-4C17-A2C3-8A7DFA51FC40}.Release|x86.ActiveCfg = Release|x86
		{E9C8426C-B7C0-4D79-8AC1-6047A0E4DC4B}.Debug|Any CPU.ActiveCfg = Debug|Any CPU
		{E9C8426C-B7C0-4D79-8AC1-6047A0E4DC4B}.Debug|Any CPU.Build.0 = Debug|Any CPU
		{E9C8426C-B7C0-4D79-8AC1-6047A0E4DC4B}.Debug|Mixed Platforms.ActiveCfg = Debug|Any CPU
		{E9C8426C-B7C0-4D79-8AC1-6047A0E4DC4B}.Debug|Mixed Platforms.Build.0 = Debug|Any CPU
		{E9C8426C-B7C0-4D79-8AC1-6047A0E4DC4B}.Debug|x86.ActiveCfg = Debug|Any CPU
		{E9C8426C-B7C0-4D79-8AC1-6047A0E4DC4B}.Release|Any CPU.ActiveCfg = Release|Any CPU
		{E9C8426C-B7C0-4D79-8AC1-6047A0E4DC4B}.Release|Any CPU.Build.0 = Release|Any CPU
		{E9C8426C-B7C0-4D79-8AC1-6047A0E4DC4B}.Release|Mixed Platforms.ActiveCfg = Release|Any CPU
		{E9C8426C-B7C0-4D79-8AC1-6047A0E4DC4B}.Release|Mixed Platforms.Build.0 = Release|Any CPU
		{E9C8426C-B7C0-4D79-8AC1-6047A0E4DC4B}.Release|x86.ActiveCfg = Release|Any CPU
	EndGlobalSection
	GlobalSection(SolutionProperties) = preSolution
		HideSolutionNode = FALSE
	EndGlobalSection
EndGlobal
